
Microsoft Visual Studio Solution File, Format Version 12.00
# Visual Studio 15
VisualStudioVersion = 15.0.26228.9
MinimumVisualStudioVersion = 10.0.40219.1
Project("{FAE04EC0-301F-11D3-BF4B-00C04F79EFBC}") = "TP_1_Laboratorio_II", "TP_1_Laboratorio_II\TP_1_Laboratorio_II.csproj", "{1673A241-A026-4C0C-ACAC-41C169551AF0}"
EndProject
Project("{FAE04EC0-301F-11D3-BF4B-00C04F79EFBC}") = "Clases", "Clases\Clases.csproj", "{A5C9351D-B3D8-46AB-A3AE-BF47C88E95B5}"
EndProject
Global
	GlobalSection(SolutionConfigurationPlatforms) = preSolution
		Debug|Any CPU = Debug|Any CPU
		Release|Any CPU = Release|Any CPU
	EndGlobalSection
	GlobalSection(ProjectConfigurationPlatforms) = postSolution
		{1673A241-A026-4C0C-ACAC-41C169551AF0}.Debug|Any CPU.ActiveCfg = Debug|Any CPU
		{1673A241-A026-4C0C-ACAC-41C169551AF0}.Debug|Any CPU.Build.0 = Debug|Any CPU
		{1673A241-A026-4C0C-ACAC-41C169551AF0}.Release|Any CPU.ActiveCfg = Release|Any CPU
		{1673A241-A026-4C0C-ACAC-41C169551AF0}.Release|Any CPU.Build.0 = Release|Any CPU
		{A5C9351D-B3D8-46AB-A3AE-BF47C88E95B5}.Debug|Any CPU.ActiveCfg = Debug|Any CPU
		{A5C9351D-B3D8-46AB-A3AE-BF47C88E95B5}.Debug|Any CPU.Build.0 = Debug|Any CPU
		{A5C9351D-B3D8-46AB-A3AE-BF47C88E95B5}.Release|Any CPU.ActiveCfg = Release|Any CPU
		{A5C9351D-B3D8-46AB-A3AE-BF47C88E95B5}.Release|Any CPU.Build.0 = Release|Any CPU
	EndGlobalSection
	GlobalSection(SolutionProperties) = preSolution
		HideSolutionNode = FALSE
	EndGlobalSection
EndGlobal
